// !$*UTF8*$!
{
	archiveVersion = 1;
	classes = {
	};
	objectVersion = 50;
	objects = {

/* Begin PBXBuildFile section */
		084D5BCD20FD56FD006D275A /* FeedTableViewController.swift in Sources */ = {isa = PBXBuildFile; fileRef = 084D5BCC20FD56FD006D275A /* FeedTableViewController.swift */; };
		085C4E3D20F70B9C00A47C12 /* User.swift in Sources */ = {isa = PBXBuildFile; fileRef = 085C4E3C20F70B9C00A47C12 /* User.swift */; };
		085C4E3F20F70BDC00A47C12 /* Post.swift in Sources */ = {isa = PBXBuildFile; fileRef = 085C4E3E20F70BDC00A47C12 /* Post.swift */; };
		085C50A820F451D80060B5B2 /* ProfileViewController.swift in Sources */ = {isa = PBXBuildFile; fileRef = 085C50A720F451D80060B5B2 /* ProfileViewController.swift */; };
		0875198720EDB55B004E19A9 /* AppDelegate.swift in Sources */ = {isa = PBXBuildFile; fileRef = 0875198620EDB55B004E19A9 /* AppDelegate.swift */; };
		0875198920EDB55B004E19A9 /* ViewController.swift in Sources */ = {isa = PBXBuildFile; fileRef = 0875198820EDB55B004E19A9 /* ViewController.swift */; };
		0875198C20EDB55B004E19A9 /* Main.storyboard in Resources */ = {isa = PBXBuildFile; fileRef = 0875198A20EDB55B004E19A9 /* Main.storyboard */; };
		0875198E20EDB55E004E19A9 /* Assets.xcassets in Resources */ = {isa = PBXBuildFile; fileRef = 0875198D20EDB55E004E19A9 /* Assets.xcassets */; };
		0875199120EDB55E004E19A9 /* LaunchScreen.storyboard in Resources */ = {isa = PBXBuildFile; fileRef = 0875198F20EDB55E004E19A9 /* LaunchScreen.storyboard */; };
		0875199C20EDB55E004E19A9 /* SelfigramTests.swift in Sources */ = {isa = PBXBuildFile; fileRef = 0875199B20EDB55E004E19A9 /* SelfigramTests.swift */; };
		087519A720EDB55E004E19A9 /* SelfigramUITests.swift in Sources */ = {isa = PBXBuildFile; fileRef = 087519A620EDB55E004E19A9 /* SelfigramUITests.swift */; };
/* End PBXBuildFile section */

/* Begin PBXContainerItemProxy section */
		0875199820EDB55E004E19A9 /* PBXContainerItemProxy */ = {
			isa = PBXContainerItemProxy;
			containerPortal = 0875197B20EDB55A004E19A9 /* Project object */;
			proxyType = 1;
			remoteGlobalIDString = 0875198220EDB55B004E19A9;
			remoteInfo = Selfigram;
		};
		087519A320EDB55E004E19A9 /* PBXContainerItemProxy */ = {
			isa = PBXContainerItemProxy;
			containerPortal = 0875197B20EDB55A004E19A9 /* Project object */;
			proxyType = 1;
			remoteGlobalIDString = 0875198220EDB55B004E19A9;
			remoteInfo = Selfigram;
		};
/* End PBXContainerItemProxy section */

/* Begin PBXFileReference section */
		084D5BCC20FD56FD006D275A /* FeedTableViewController.swift */ = {isa = PBXFileReference; lastKnownFileType = sourcecode.swift; path = FeedTableViewController.swift; sourceTree = "<group>"; };
		085C4E3C20F70B9C00A47C12 /* User.swift */ = {isa = PBXFileReference; lastKnownFileType = sourcecode.swift; path = User.swift; sourceTree = "<group>"; };
		085C4E3E20F70BDC00A47C12 /* Post.swift */ = {isa = PBXFileReference; lastKnownFileType = sourcecode.swift; path = Post.swift; sourceTree = "<group>"; };
		085C50A720F451D80060B5B2 /* ProfileViewController.swift */ = {isa = PBXFileReference; lastKnownFileType = sourcecode.swift; path = ProfileViewController.swift; sourceTree = "<group>"; };
		0875198320EDB55B004E19A9 /* Selfigram.app */ = {isa = PBXFileReference; explicitFileType = wrapper.application; includeInIndex = 0; path = Selfigram.app; sourceTree = BUILT_PRODUCTS_DIR; };
		0875198620EDB55B004E19A9 /* AppDelegate.swift */ = {isa = PBXFileReference; lastKnownFileType = sourcecode.swift; path = AppDelegate.swift; sourceTree = "<group>"; };
		0875198820EDB55B004E19A9 /* ViewController.swift */ = {isa = PBXFileReference; lastKnownFileType = sourcecode.swift; path = ViewController.swift; sourceTree = "<group>"; };
		0875198B20EDB55B004E19A9 /* Base */ = {isa = PBXFileReference; lastKnownFileType = file.storyboard; name = Base; path = Base.lproj/Main.storyboard; sourceTree = "<group>"; };
		0875198D20EDB55E004E19A9 /* Assets.xcassets */ = {isa = PBXFileReference; lastKnownFileType = folder.assetcatalog; path = Assets.xcassets; sourceTree = "<group>"; };
		0875199020EDB55E004E19A9 /* Base */ = {isa = PBXFileReference; lastKnownFileType = file.storyboard; name = Base; path = Base.lproj/LaunchScreen.storyboard; sourceTree = "<group>"; };
		0875199220EDB55E004E19A9 /* Info.plist */ = {isa = PBXFileReference; lastKnownFileType = text.plist.xml; path = Info.plist; sourceTree = "<group>"; };
		0875199720EDB55E004E19A9 /* SelfigramTests.xctest */ = {isa = PBXFileReference; explicitFileType = wrapper.cfbundle; includeInIndex = 0; path = SelfigramTests.xctest; sourceTree = BUILT_PRODUCTS_DIR; };
		0875199B20EDB55E004E19A9 /* SelfigramTests.swift */ = {isa = PBXFileReference; lastKnownFileType = sourcecode.swift; path = SelfigramTests.swift; sourceTree = "<group>"; };
		0875199D20EDB55E004E19A9 /* Info.plist */ = {isa = PBXFileReference; lastKnownFileType = text.plist.xml; path = Info.plist; sourceTree = "<group>"; };
		087519A220EDB55E004E19A9 /* SelfigramUITests.xctest */ = {isa = PBXFileReference; explicitFileType = wrapper.cfbundle; includeInIndex = 0; path = SelfigramUITests.xctest; sourceTree = BUILT_PRODUCTS_DIR; };
		087519A620EDB55E004E19A9 /* SelfigramUITests.swift */ = {isa = PBXFileReference; lastKnownFileType = sourcecode.swift; path = SelfigramUITests.swift; sourceTree = "<group>"; };
		087519A820EDB55E004E19A9 /* Info.plist */ = {isa = PBXFileReference; lastKnownFileType = text.plist.xml; path = Info.plist; sourceTree = "<group>"; };
/* End PBXFileReference section */

/* Begin PBXFrameworksBuildPhase section */
		0875198020EDB55B004E19A9 /* Frameworks */ = {
			isa = PBXFrameworksBuildPhase;
			buildActionMask = 2147483647;
			files = (
			);
			runOnlyForDeploymentPostprocessing = 0;
		};
		0875199420EDB55E004E19A9 /* Frameworks */ = {
			isa = PBXFrameworksBuildPhase;
			buildActionMask = 2147483647;
			files = (
			);
			runOnlyForDeploymentPostprocessing = 0;
		};
		0875199F20EDB55E004E19A9 /* Frameworks */ = {
			isa = PBXFrameworksBuildPhase;
			buildActionMask = 2147483647;
			files = (
			);
			runOnlyForDeploymentPostprocessing = 0;
		};
/* End PBXFrameworksBuildPhase section */

/* Begin PBXGroup section */
		0875197A20EDB55A004E19A9 = {
			isa = PBXGroup;
			children = (
				0875198520EDB55B004E19A9 /* Selfigram */,
				0875199A20EDB55E004E19A9 /* SelfigramTests */,
				087519A520EDB55E004E19A9 /* SelfigramUITests */,
				0875198420EDB55B004E19A9 /* Products */,
			);
			sourceTree = "<group>";
		};
		0875198420EDB55B004E19A9 /* Products */ = {
			isa = PBXGroup;
			children = (
				0875198320EDB55B004E19A9 /* Selfigram.app */,
				0875199720EDB55E004E19A9 /* SelfigramTests.xctest */,
				087519A220EDB55E004E19A9 /* SelfigramUITests.xctest */,
			);
			name = Products;
			sourceTree = "<group>";
		};
		0875198520EDB55B004E19A9 /* Selfigram */ = {
			isa = PBXGroup;
			children = (
				0875198620EDB55B004E19A9 /* AppDelegate.swift */,
				0875198820EDB55B004E19A9 /* ViewController.swift */,
				085C4E3C20F70B9C00A47C12 /* User.swift */,
				085C4E3E20F70BDC00A47C12 /* Post.swift */,
				084D5BCC20FD56FD006D275A /* FeedTableViewController.swift */,
				0875198A20EDB55B004E19A9 /* Main.storyboard */,
				085C50A720F451D80060B5B2 /* ProfileViewController.swift */,
				0875198D20EDB55E004E19A9 /* Assets.xcassets */,
				0875198F20EDB55E004E19A9 /* LaunchScreen.storyboard */,
				0875199220EDB55E004E19A9 /* Info.plist */,
			);
			path = Selfigram;
			sourceTree = "<group>";
		};
		0875199A20EDB55E004E19A9 /* SelfigramTests */ = {
			isa = PBXGroup;
			children = (
				0875199B20EDB55E004E19A9 /* SelfigramTests.swift */,
				0875199D20EDB55E004E19A9 /* Info.plist */,
			);
			path = SelfigramTests;
			sourceTree = "<group>";
		};
		087519A520EDB55E004E19A9 /* SelfigramUITests */ = {
			isa = PBXGroup;
			children = (
				087519A620EDB55E004E19A9 /* SelfigramUITests.swift */,
				087519A820EDB55E004E19A9 /* Info.plist */,
			);
			path = SelfigramUITests;
			sourceTree = "<group>";
		};
/* End PBXGroup section */

/* Begin PBXNativeTarget section */
		0875198220EDB55B004E19A9 /* Selfigram */ = {
			isa = PBXNativeTarget;
			buildConfigurationList = 087519AB20EDB55E004E19A9 /* Build configuration list for PBXNativeTarget "Selfigram" */;
			buildPhases = (
				0875197F20EDB55B004E19A9 /* Sources */,
				0875198020EDB55B004E19A9 /* Frameworks */,
				0875198120EDB55B004E19A9 /* Resources */,
			);
			buildRules = (
			);
			dependencies = (
			);
			name = Selfigram;
			productName = Selfigram;
			productReference = 0875198320EDB55B004E19A9 /* Selfigram.app */;
			productType = "com.apple.product-type.application";
		};
		0875199620EDB55E004E19A9 /* SelfigramTests */ = {
			isa = PBXNativeTarget;
			buildConfigurationList = 087519AE20EDB55E004E19A9 /* Build configuration list for PBXNativeTarget "SelfigramTests" */;
			buildPhases = (
				0875199320EDB55E004E19A9 /* Sources */,
				0875199420EDB55E004E19A9 /* Frameworks */,
				0875199520EDB55E004E19A9 /* Resources */,
			);
			buildRules = (
			);
			dependencies = (
				0875199920EDB55E004E19A9 /* PBXTargetDependency */,
			);
			name = SelfigramTests;
			productName = SelfigramTests;
			productReference = 0875199720EDB55E004E19A9 /* SelfigramTests.xctest */;
			productType = "com.apple.product-type.bundle.unit-test";
		};
		087519A120EDB55E004E19A9 /* SelfigramUITests */ = {
			isa = PBXNativeTarget;
			buildConfigurationList = 087519B120EDB55E004E19A9 /* Build configuration list for PBXNativeTarget "SelfigramUITests" */;
			buildPhases = (
				0875199E20EDB55E004E19A9 /* Sources */,
				0875199F20EDB55E004E19A9 /* Frameworks */,
				087519A020EDB55E004E19A9 /* Resources */,
			);
			buildRules = (
			);
			dependencies = (
				087519A420EDB55E004E19A9 /* PBXTargetDependency */,
			);
			name = SelfigramUITests;
			productName = SelfigramUITests;
			productReference = 087519A220EDB55E004E19A9 /* SelfigramUITests.xctest */;
			productType = "com.apple.product-type.bundle.ui-testing";
		};
/* End PBXNativeTarget section */

/* Begin PBXProject section */
		0875197B20EDB55A004E19A9 /* Project object */ = {
			isa = PBXProject;
			attributes = {
				LastSwiftUpdateCheck = 0940;
				LastUpgradeCheck = 0940;
				ORGANIZATIONNAME = "Vincent Lewis";
				TargetAttributes = {
					0875198220EDB55B004E19A9 = {
						CreatedOnToolsVersion = 9.4.1;
					};
					0875199620EDB55E004E19A9 = {
						CreatedOnToolsVersion = 9.4.1;
						TestTargetID = 0875198220EDB55B004E19A9;
					};
					087519A120EDB55E004E19A9 = {
						CreatedOnToolsVersion = 9.4.1;
						TestTargetID = 0875198220EDB55B004E19A9;
					};
				};
			};
			buildConfigurationList = 0875197E20EDB55A004E19A9 /* Build configuration list for PBXProject "Selfigram" */;
			compatibilityVersion = "Xcode 9.3";
			developmentRegion = en;
			hasScannedForEncodings = 0;
			knownRegions = (
				en,
				Base,
			);
			mainGroup = 0875197A20EDB55A004E19A9;
			productRefGroup = 0875198420EDB55B004E19A9 /* Products */;
			projectDirPath = "";
			projectRoot = "";
			targets = (
				0875198220EDB55B004E19A9 /* Selfigram */,
				0875199620EDB55E004E19A9 /* SelfigramTests */,
				087519A120EDB55E004E19A9 /* SelfigramUITests */,
			);
		};
/* End PBXProject section */

/* Begin PBXResourcesBuildPhase section */
		0875198120EDB55B004E19A9 /* Resources */ = {
			isa = PBXResourcesBuildPhase;
			buildActionMask = 2147483647;
			files = (
				0875199120EDB55E004E19A9 /* LaunchScreen.storyboard in Resources */,
				0875198E20EDB55E004E19A9 /* Assets.xcassets in Resources */,
				0875198C20EDB55B004E19A9 /* Main.storyboard in Resources */,
			);
			runOnlyForDeploymentPostprocessing = 0;
		};
		0875199520EDB55E004E19A9 /* Resources */ = {
			isa = PBXResourcesBuildPhase;
			buildActionMask = 2147483647;
			files = (
			);
			runOnlyForDeploymentPostprocessing = 0;
		};
		087519A020EDB55E004E19A9 /* Resources */ = {
			isa = PBXResourcesBuildPhase;
			buildActionMask = 2147483647;
			files = (
			);
			runOnlyForDeploymentPostprocessing = 0;
		};
/* End PBXResourcesBuildPhase section */

/* Begin PBXSourcesBuildPhase section */
		0875197F20EDB55B004E19A9 /* Sources */ = {
			isa = PBXSourcesBuildPhase;
			buildActionMask = 2147483647;
			files = (
				085C4E3D20F70B9C00A47C12 /* User.swift in Sources */,
				084D5BCD20FD56FD006D275A /* FeedTableViewController.swift in Sources */,
				085C50A820F451D80060B5B2 /* ProfileViewController.swift in Sources */,
				0875198920EDB55B004E19A9 /* ViewController.swift in Sources */,
				0875198720EDB55B004E19A9 /* AppDelegate.swift in Sources */,
				085C4E3F20F70BDC00A47C12 /* Post.swift in Sources */,
			);
			runOnlyForDeploymentPostprocessing = 0;
		};
		0875199320EDB55E004E19A9 /* Sources */ = {
			isa = PBXSourcesBuildPhase;
			buildActionMask = 2147483647;
			files = (
				0875199C20EDB55E004E19A9 /* SelfigramTests.swift in Sources */,
			);
			runOnlyForDeploymentPostprocessing = 0;
		};
		0875199E20EDB55E004E19A9 /* Sources */ = {
			isa = PBXSourcesBuildPhase;
			buildActionMask = 2147483647;
			files = (
				087519A720EDB55E004E19A9 /* SelfigramUITests.swift in Sources */,
			);
			runOnlyForDeploymentPostprocessing = 0;
		};
/* End PBXSourcesBuildPhase section */

/* Begin PBXTargetDependency section */
		0875199920EDB55E004E19A9 /* PBXTargetDependency */ = {
			isa = PBXTargetDependency;
			target = 0875198220EDB55B004E19A9 /* Selfigram */;
			targetProxy = 0875199820EDB55E004E19A9 /* PBXContainerItemProxy */;
		};
		087519A420EDB55E004E19A9 /* PBXTargetDependency */ = {
			isa = PBXTargetDependency;
			target = 0875198220EDB55B004E19A9 /* Selfigram */;
			targetProxy = 087519A320EDB55E004E19A9 /* PBXContainerItemProxy */;
		};
/* End PBXTargetDependency section */

/* Begin PBXVariantGroup section */
		0875198A20EDB55B004E19A9 /* Main.storyboard */ = {
			isa = PBXVariantGroup;
			children = (
				0875198B20EDB55B004E19A9 /* Base */,
			);
			name = Main.storyboard;
			sourceTree = "<group>";
		};
		0875198F20EDB55E004E19A9 /* LaunchScreen.storyboard */ = {
			isa = PBXVariantGroup;
			children = (
				0875199020EDB55E004E19A9 /* Base */,
			);
			name = LaunchScreen.storyboard;
			sourceTree = "<group>";
		};
/* End PBXVariantGroup section */

/* Begin XCBuildConfiguration section */
		087519A920EDB55E004E19A9 /* Debug */ = {
			isa = XCBuildConfiguration;
			buildSettings = {
				ALWAYS_SEARCH_USER_PATHS = NO;
				CLANG_ANALYZER_NONNULL = YES;
				CLANG_ANALYZER_NUMBER_OBJECT_CONVERSION = YES_AGGRESSIVE;
				CLANG_CXX_LANGUAGE_STANDARD = "gnu++14";
				CLANG_CXX_LIBRARY = "libc++";
				CLANG_ENABLE_MODULES = YES;
				CLANG_ENABLE_OBJC_ARC = YES;
				CLANG_ENABLE_OBJC_WEAK = YES;
				CLANG_WARN_BLOCK_CAPTURE_AUTORELEASING = YES;
				CLANG_WARN_BOOL_CONVERSION = YES;
				CLANG_WARN_COMMA = YES;
				CLANG_WARN_CONSTANT_CONVERSION = YES;
				CLANG_WARN_DEPRECATED_OBJC_IMPLEMENTATIONS = YES;
				CLANG_WARN_DIRECT_OBJC_ISA_USAGE = YES_ERROR;
				CLANG_WARN_DOCUMENTATION_COMMENTS = YES;
				CLANG_WARN_EMPTY_BODY = YES;
				CLANG_WARN_ENUM_CONVERSION = YES;
				CLANG_WARN_INFINITE_RECURSION = YES;
				CLANG_WARN_INT_CONVERSION = YES;
				CLANG_WARN_NON_LITERAL_NULL_CONVERSION = YES;
				CLANG_WARN_OBJC_IMPLICIT_RETAIN_SELF = YES;
				CLANG_WARN_OBJC_LITERAL_CONVERSION = YES;
				CLANG_WARN_OBJC_ROOT_CLASS = YES_ERROR;
				CLANG_WARN_RANGE_LOOP_ANALYSIS = YES;
				CLANG_WARN_STRICT_PROTOTYPES = YES;
				CLANG_WARN_SUSPICIOUS_MOVE = YES;
				CLANG_WARN_UNGUARDED_AVAILABILITY = YES_AGGRESSIVE;
				CLANG_WARN_UNREACHABLE_CODE = YES;
				CLANG_WARN__DUPLICATE_METHOD_MATCH = YES;
				CODE_SIGN_IDENTITY = "iPhone Developer";
				COPY_PHASE_STRIP = NO;
				DEBUG_INFORMATION_FORMAT = dwarf;
				ENABLE_STRICT_OBJC_MSGSEND = YES;
				ENABLE_TESTABILITY = YES;
				GCC_C_LANGUAGE_STANDARD = gnu11;
				GCC_DYNAMIC_NO_PIC = NO;
				GCC_NO_COMMON_BLOCKS = YES;
				GCC_OPTIMIZATION_LEVEL = 0;
				GCC_PREPROCESSOR_DEFINITIONS = (
					"DEBUG=1",
					"$(inherited)",
				);
				GCC_WARN_64_TO_32_BIT_CONVERSION = YES;
				GCC_WARN_ABOUT_RETURN_TYPE = YES_ERROR;
				GCC_WARN_UNDECLARED_SELECTOR = YES;
				GCC_WARN_UNINITIALIZED_AUTOS = YES_AGGRESSIVE;
				GCC_WARN_UNUSED_FUNCTION = YES;
				GCC_WARN_UNUSED_VARIABLE = YES;
				IPHONEOS_DEPLOYMENT_TARGET = 11.4;
				MTL_ENABLE_DEBUG_INFO = YES;
				ONLY_ACTIVE_ARCH = YES;
				SDKROOT = iphoneos;
				SWIFT_ACTIVE_COMPILATION_CONDITIONS = DEBUG;
				SWIFT_OPTIMIZATION_LEVEL = "-Onone";
			};
			name = Debug;
		};
		087519AA20EDB55E004E19A9 /* Release */ = {
			isa = XCBuildConfiguration;
			buildSettings = {
				ALWAYS_SEARCH_USER_PATHS = NO;
				CLANG_ANALYZER_NONNULL = YES;
				CLANG_ANALYZER_NUMBER_OBJECT_CONVERSION = YES_AGGRESSIVE;
				CLANG_CXX_LANGUAGE_STANDARD = "gnu++14";
				CLANG_CXX_LIBRARY = "libc++";
				CLANG_ENABLE_MODULES = YES;
				CLANG_ENABLE_OBJC_ARC = YES;
				CLANG_ENABLE_OBJC_WEAK = YES;
				CLANG_WARN_BLOCK_CAPTURE_AUTORELEASING = YES;
				CLANG_WARN_BOOL_CONVERSION = YES;
				CLANG_WARN_COMMA = YES;
				CLANG_WARN_CONSTANT_CONVERSION = YES;
				CLANG_WARN_DEPRECATED_OBJC_IMPLEMENTATIONS = YES;
				CLANG_WARN_DIRECT_OBJC_ISA_USAGE = YES_ERROR;
				CLANG_WARN_DOCUMENTATION_COMMENTS = YES;
				CLANG_WARN_EMPTY_BODY = YES;
				CLANG_WARN_ENUM_CONVERSION = YES;
				CLANG_WARN_INFINITE_RECURSION = YES;
				CLANG_WARN_INT_CONVERSION = YES;
				CLANG_WARN_NON_LITERAL_NULL_CONVERSION = YES;
				CLANG_WARN_OBJC_IMPLICIT_RETAIN_SELF = YES;
				CLANG_WARN_OBJC_LITERAL_CONVERSION = YES;
				CLANG_WARN_OBJC_ROOT_CLASS = YES_ERROR;
				CLANG_WARN_RANGE_LOOP_ANALYSIS = YES;
				CLANG_WARN_STRICT_PROTOTYPES = YES;
				CLANG_WARN_SUSPICIOUS_MOVE = YES;
				CLANG_WARN_UNGUARDED_AVAILABILITY = YES_AGGRESSIVE;
				CLANG_WARN_UNREACHABLE_CODE = YES;
				CLANG_WARN__DUPLICATE_METHOD_MATCH = YES;
				CODE_SIGN_IDENTITY = "iPhone Developer";
				COPY_PHASE_STRIP = NO;
				DEBUG_INFORMATION_FORMAT = "dwarf-with-dsym";
				ENABLE_NS_ASSERTIONS = NO;
				ENABLE_STRICT_OBJC_MSGSEND = YES;
				GCC_C_LANGUAGE_STANDARD = gnu11;
				GCC_NO_COMMON_BLOCKS = YES;
				GCC_WARN_64_TO_32_BIT_CONVERSION = YES;
				GCC_WARN_ABOUT_RETURN_TYPE = YES_ERROR;
				GCC_WARN_UNDECLARED_SELECTOR = YES;
				GCC_WARN_UNINITIALIZED_AUTOS = YES_AGGRESSIVE;
				GCC_WARN_UNUSED_FUNCTION = YES;
				GCC_WARN_UNUSED_VARIABLE = YES;
				IPHONEOS_DEPLOYMENT_TARGET = 11.4;
				MTL_ENABLE_DEBUG_INFO = NO;
				SDKROOT = iphoneos;
				SWIFT_COMPILATION_MODE = wholemodule;
				SWIFT_OPTIMIZATION_LEVEL = "-O";
				VALIDATE_PRODUCT = YES;
			};
			name = Release;
		};
		087519AC20EDB55E004E19A9 /* Debug */ = {
			isa = XCBuildConfiguration;
			buildSettings = {
				ASSETCATALOG_COMPILER_APPICON_NAME = AppIcon;
				CODE_SIGN_STYLE = Automatic;
				DEVELOPMENT_TEAM = 38GF48P7GU;
				INFOPLIST_FILE = Selfigram/Info.plist;
				LD_RUNPATH_SEARCH_PATHS = (
					"$(inherited)",
					"@executable_path/Frameworks",
				);
				PRODUCT_BUNDLE_IDENTIFIER = LL.Selfigram;
				PRODUCT_NAME = "$(TARGET_NAME)";
				SWIFT_VERSION = 4.0;
				TARGETED_DEVICE_FAMILY = "1,2";
			};
			name = Debug;
		};
		087519AD20EDB55E004E19A9 /* Release */ = {
			isa = XCBuildConfiguration;
			buildSettings = {
				ASSETCATALOG_COMPILER_APPICON_NAME = AppIcon;
				CODE_SIGN_STYLE = Automatic;
				DEVELOPMENT_TEAM = 38GF48P7GU;
				INFOPLIST_FILE = Selfigram/Info.plist;
				LD_RUNPATH_SEARCH_PATHS = (
					"$(inherited)",
					"@executable_path/Frameworks",
				);
				PRODUCT_BUNDLE_IDENTIFIER = LL.Selfigram;
				PRODUCT_NAME = "$(TARGET_NAME)";
				SWIFT_VERSION = 4.0;
				TARGETED_DEVICE_FAMILY = "1,2";
			};
			name = Release;
		};
		087519AF20EDB55E004E19A9 /* Debug */ = {
			isa = XCBuildConfiguration;
			buildSettings = {
				ALWAYS_EMBED_SWIFT_STANDARD_LIBRARIES = YES;
				BUNDLE_LOADER = "$(TEST_HOST)";
				CODE_SIGN_STYLE = Automatic;
				DEVELOPMENT_TEAM = 38GF48P7GU;
				INFOPLIST_FILE = SelfigramTests/Info.plist;
				LD_RUNPATH_SEARCH_PATHS = (
					"$(inherited)",
					"@executable_path/Frameworks",
					"@loader_path/Frameworks",
				);
				PRODUCT_BUNDLE_IDENTIFIER = LL.SelfigramTests;
				PRODUCT_NAME = "$(TARGET_NAME)";
				SWIFT_VERSION = 4.0;
				TARGETED_DEVICE_FAMILY = "1,2";
				TEST_HOST = "$(BUILT_PRODUCTS_DIR)/Selfigram.app/Selfigram";
			};
			name = Debug;
		};
		087519B020EDB55E004E19A9 /* Release */ = {
			isa = XCBuildConfiguration;
			buildSettings = {
				ALWAYS_EMBED_SWIFT_STANDARD_LIBRARIES = YES;
				BUNDLE_LOADER = "$(TEST_HOST)";
				CODE_SIGN_STYLE = Automatic;
				DEVELOPMENT_TEAM = 38GF48P7GU;
				INFOPLIST_FILE = SelfigramTests/Info.plist;
				LD_RUNPATH_SEARCH_PATHS = (
					"$(inherited)",
					"@executable_path/Frameworks",
					"@loader_path/Frameworks",
				);
				PRODUCT_BUNDLE_IDENTIFIER = LL.SelfigramTests;
				PRODUCT_NAME = "$(TARGET_NAME)";
				SWIFT_VERSION = 4.0;
				TARGETED_DEVICE_FAMILY = "1,2";
				TEST_HOST = "$(BUILT_PRODUCTS_DIR)/Selfigram.app/Selfigram";
			};
			name = Release;
		};
		087519B220EDB55E004E19A9 /* Debug */ = {
			isa = XCBuildConfiguration;
			buildSettings = {
				ALWAYS_EMBED_SWIFT_STANDARD_LIBRARIES = YES;
				CODE_SIGN_STYLE = Automatic;
				DEVELOPMENT_TEAM = 38GF48P7GU;
				INFOPLIST_FILE = SelfigramUITests/Info.plist;
				LD_RUNPATH_SEARCH_PATHS = (
					"$(inherited)",
					"@executable_path/Frameworks",
					"@loader_path/Frameworks",
				);
				PRODUCT_BUNDLE_IDENTIFIER = LL.SelfigramUITests;
				PRODUCT_NAME = "$(TARGET_NAME)";
				SWIFT_VERSION = 4.0;
				TARGETED_DEVICE_FAMILY = "1,2";
				TEST_TARGET_NAME = Selfigram;
			};
			name = Debug;
		};
		087519B320EDB55E004E19A9 /* Release */ = {
			isa = XCBuildConfiguration;
			buildSettings = {
				ALWAYS_EMBED_SWIFT_STANDARD_LIBRARIES = YES;
				CODE_SIGN_STYLE = Automatic;
				DEVELOPMENT_TEAM = 38GF48P7GU;
				INFOPLIST_FILE = SelfigramUITests/Info.plist;
				LD_RUNPATH_SEARCH_PATHS = (
					"$(inherited)",
					"@executable_path/Frameworks",
					"@loader_path/Frameworks",
				);
				PRODUCT_BUNDLE_IDENTIFIER = LL.SelfigramUITests;
				PRODUCT_NAME = "$(TARGET_NAME)";
				SWIFT_VERSION = 4.0;
				TARGETED_DEVICE_FAMILY = "1,2";
				TEST_TARGET_NAME = Selfigram;
			};
			name = Release;
		};
/* End XCBuildConfiguration section */

/* Begin XCConfigurationList section */
		0875197E20EDB55A004E19A9 /* Build configuration list for PBXProject "Selfigram" */ = {
			isa = XCConfigurationList;
			buildConfigurations = (
				087519A920EDB55E004E19A9 /* Debug */,
				087519AA20EDB55E004E19A9 /* Release */,
			);
			defaultConfigurationIsVisible = 0;
			defaultConfigurationName = Release;
		};
		087519AB20EDB55E004E19A9 /* Build configuration list for PBXNativeTarget "Selfigram" */ = {
			isa = XCConfigurationList;
			buildConfigurations = (
				087519AC20EDB55E004E19A9 /* Debug */,
				087519AD20EDB55E004E19A9 /* Release */,
			);
			defaultConfigurationIsVisible = 0;
			defaultConfigurationName = Release;
		};
		087519AE20EDB55E004E19A9 /* Build configuration list for PBXNativeTarget "SelfigramTests" */ = {
			isa = XCConfigurationList;
			buildConfigurations = (
				087519AF20EDB55E004E19A9 /* Debug */,
				087519B020EDB55E004E19A9 /* Release */,
			);
			defaultConfigurationIsVisible = 0;
			defaultConfigurationName = Release;
		};
		087519B120EDB55E004E19A9 /* Build configuration list for PBXNativeTarget "SelfigramUITests" */ = {
			isa = XCConfigurationList;
			buildConfigurations = (
				087519B220EDB55E004E19A9 /* Debug */,
				087519B320EDB55E004E19A9 /* Release */,
			);
			defaultConfigurationIsVisible = 0;
			defaultConfigurationName = Release;
		};
/* End XCConfigurationList section */
	};
	rootObject = 0875197B20EDB55A004E19A9 /* Project object */;
}
